
Microsoft Visual Studio Solution File, Format Version 12.00
# Visual Studio 14
VisualStudioVersion = 14.0.23107.0
MinimumVisualStudioVersion = 10.0.40219.1
Project("{FAE04EC0-301F-11D3-BF4B-00C04F79EFBC}") = "CS Scripter", "CS Scripter.csproj", "{86D64B55-D2A1-4411-A785-B8E4C78D6FA7}"
EndProject
Project("{FAE04EC0-301F-11D3-BF4B-00C04F79EFBC}") = "OriginalWar", "..\OriginalWar\OriginalWar.csproj", "{98209981-C7CE-47B1-A5D9-10348AABD131}"
EndProject
Project("{FAE04EC0-301F-11D3-BF4B-00C04F79EFBC}") = "MyMod", "..\MyMod\MyMod.csproj", "{CFA43609-88A7-4112-853A-EB9CBB41395D}"
EndProject
Project("{FAE04EC0-301F-11D3-BF4B-00C04F79EFBC}") = "CS Scripter Base", "CS Scripter Base\CS Scripter Base.csproj", "{B4140A3C-C52E-4B94-A9F8-22A2DDD5F0AA}"
EndProject
Global
	GlobalSection(SolutionConfigurationPlatforms) = preSolution
		Debug|Any CPU = Debug|Any CPU
		Release|Any CPU = Release|Any CPU
	EndGlobalSection
	GlobalSection(ProjectConfigurationPlatforms) = postSolution
		{86D64B55-D2A1-4411-A785-B8E4C78D6FA7}.Debug|Any CPU.ActiveCfg = Debug|Any CPU
		{86D64B55-D2A1-4411-A785-B8E4C78D6FA7}.Debug|Any CPU.Build.0 = Debug|Any CPU
		{86D64B55-D2A1-4411-A785-B8E4C78D6FA7}.Release|Any CPU.ActiveCfg = Release|Any CPU
		{86D64B55-D2A1-4411-A785-B8E4C78D6FA7}.Release|Any CPU.Build.0 = Release|Any CPU
		{98209981-C7CE-47B1-A5D9-10348AABD131}.Debug|Any CPU.ActiveCfg = Debug|Any CPU
		{98209981-C7CE-47B1-A5D9-10348AABD131}.Debug|Any CPU.Build.0 = Debug|Any CPU
		{98209981-C7CE-47B1-A5D9-10348AABD131}.Release|Any CPU.ActiveCfg = Release|Any CPU
		{98209981-C7CE-47B1-A5D9-10348AABD131}.Release|Any CPU.Build.0 = Release|Any CPU
		{CFA43609-88A7-4112-853A-EB9CBB41395D}.Debug|Any CPU.ActiveCfg = Debug|Any CPU
		{CFA43609-88A7-4112-853A-EB9CBB41395D}.Debug|Any CPU.Build.0 = Debug|Any CPU
		{CFA43609-88A7-4112-853A-EB9CBB41395D}.Release|Any CPU.ActiveCfg = Release|Any CPU
		{CFA43609-88A7-4112-853A-EB9CBB41395D}.Release|Any CPU.Build.0 = Release|Any CPU
		{B4140A3C-C52E-4B94-A9F8-22A2DDD5F0AA}.Debug|Any CPU.ActiveCfg = Debug|Any CPU
		{B4140A3C-C52E-4B94-A9F8-22A2DDD5F0AA}.Debug|Any CPU.Build.0 = Debug|Any CPU
		{B4140A3C-C52E-4B94-A9F8-22A2DDD5F0AA}.Release|Any CPU.ActiveCfg = Release|Any CPU
		{B4140A3C-C52E-4B94-A9F8-22A2DDD5F0AA}.Release|Any CPU.Build.0 = Release|Any CPU
	EndGlobalSection
	GlobalSection(SolutionProperties) = preSolution
		HideSolutionNode = FALSE
	EndGlobalSection
EndGlobal
